
Microsoft Visual Studio Solution File, Format Version 12.00
# Visual Studio 2013
VisualStudioVersion = 12.0.30723.0
MinimumVisualStudioVersion = 10.0.40219.1
Project("{2150E333-8FDC-42A3-9474-1A3956D46DE8}") = ".nuget", ".nuget", "{9BBB6849-6728-4279-B49E-57F8390848EB}"
	ProjectSection(SolutionItems) = preProject
		.nuget\packages.config = .nuget\packages.config
	EndProjectSection
EndProject
Project("{2150E333-8FDC-42A3-9474-1A3956D46DE8}") = "00_Documents", "00_Documents", "{637B5738-19A7-43D4-887A-1506AE89DA56}"
EndProject
Project("{2150E333-8FDC-42A3-9474-1A3956D46DE8}") = "Properties", "Properties", "{1E20AB61-3A18-4BD7-B16E-14AC5ECEA978}"
	ProjectSection(SolutionItems) = preProject
		..\Documents\Properties\SharedAssemblyInfo.cs = ..\Documents\Properties\SharedAssemblyInfo.cs
	EndProjectSection
EndProject
Project("{2150E333-8FDC-42A3-9474-1A3956D46DE8}") = "01_Configs", "01_Configs", "{0DF62AE3-FFB6-406A-A1C0-51625D9DF1E5}"
EndProject
Project("{2150E333-8FDC-42A3-9474-1A3956D46DE8}") = "02_Apps", "02_Apps", "{446CCFA4-3421-4464-8B9F-FAC978F91F80}"
EndProject
Project("{FAE04EC0-301F-11D3-BF4B-00C04F79EFBC}") = "EnumConverter", "02_Apps\EnumConverter\EnumConverter.csproj", "{340DF990-638A-4C99-91A2-FAD9A012BFA4}"
EndProject
Project("{FAE04EC0-301F-11D3-BF4B-00C04F79EFBC}") = "ListConverter", "02_Apps\ListConverter\ListConverter.csproj", "{08CF10A5-3AF7-4FA7-9B4D-2517AF5E2E6B}"
EndProject
Project("{2150E333-8FDC-42A3-9474-1A3956D46DE8}") = "03_Services", "03_Services", "{E7229636-B719-4B92-B100-E6CEDE8BAEDB}"
EndProject
Project("{2150E333-8FDC-42A3-9474-1A3956D46DE8}") = "04_Models", "04_Models", "{9D35EC7E-865C-4D93-91F0-472E68FED486}"
EndProject
Project("{2150E333-8FDC-42A3-9474-1A3956D46DE8}") = "99_Tests", "99_Tests", "{D0AFCE32-760D-4D66-9A7D-F10D6D1123AD}"
EndProject
Project("{FAE04EC0-301F-11D3-BF4B-00C04F79EFBC}") = "ConfigurationConverter.Tests", "99_Tests\ConfigurationConverter.Tests\ConfigurationConverter.Tests.csproj", "{D748BB1A-ECC1-45BE-B9B7-BE93A3488D59}"
EndProject
Project("{FAE04EC0-301F-11D3-BF4B-00C04F79EFBC}") = "ConfigurationValueConverter.Configs", "01_Configs\ConfigurationValueConverter.Configs\ConfigurationValueConverter.Configs.csproj", "{778A95FA-3896-4226-962B-19BA8A18F888}"
EndProject
Project("{FAE04EC0-301F-11D3-BF4B-00C04F79EFBC}") = "ConfigurationSettings.Tests", "99_Tests\ConfigurationSettings.Tests\ConfigurationSettings.Tests.csproj", "{7DF6AFFD-1366-4D99-B838-C8D99611EC63}"
EndProject
Global
	GlobalSection(SolutionConfigurationPlatforms) = preSolution
		Debug|Any CPU = Debug|Any CPU
		Release|Any CPU = Release|Any CPU
	EndGlobalSection
	GlobalSection(ProjectConfigurationPlatforms) = postSolution
		{340DF990-638A-4C99-91A2-FAD9A012BFA4}.Debug|Any CPU.ActiveCfg = Debug|Any CPU
		{340DF990-638A-4C99-91A2-FAD9A012BFA4}.Debug|Any CPU.Build.0 = Debug|Any CPU
		{340DF990-638A-4C99-91A2-FAD9A012BFA4}.Release|Any CPU.ActiveCfg = Release|Any CPU
		{340DF990-638A-4C99-91A2-FAD9A012BFA4}.Release|Any CPU.Build.0 = Release|Any CPU
		{08CF10A5-3AF7-4FA7-9B4D-2517AF5E2E6B}.Debug|Any CPU.ActiveCfg = Debug|Any CPU
		{08CF10A5-3AF7-4FA7-9B4D-2517AF5E2E6B}.Debug|Any CPU.Build.0 = Debug|Any CPU
		{08CF10A5-3AF7-4FA7-9B4D-2517AF5E2E6B}.Release|Any CPU.ActiveCfg = Release|Any CPU
		{08CF10A5-3AF7-4FA7-9B4D-2517AF5E2E6B}.Release|Any CPU.Build.0 = Release|Any CPU
		{D748BB1A-ECC1-45BE-B9B7-BE93A3488D59}.Debug|Any CPU.ActiveCfg = Debug|Any CPU
		{D748BB1A-ECC1-45BE-B9B7-BE93A3488D59}.Debug|Any CPU.Build.0 = Debug|Any CPU
		{D748BB1A-ECC1-45BE-B9B7-BE93A3488D59}.Release|Any CPU.ActiveCfg = Release|Any CPU
		{D748BB1A-ECC1-45BE-B9B7-BE93A3488D59}.Release|Any CPU.Build.0 = Release|Any CPU
		{778A95FA-3896-4226-962B-19BA8A18F888}.Debug|Any CPU.ActiveCfg = Debug|Any CPU
		{778A95FA-3896-4226-962B-19BA8A18F888}.Debug|Any CPU.Build.0 = Debug|Any CPU
		{778A95FA-3896-4226-962B-19BA8A18F888}.Release|Any CPU.ActiveCfg = Release|Any CPU
		{778A95FA-3896-4226-962B-19BA8A18F888}.Release|Any CPU.Build.0 = Release|Any CPU
		{7DF6AFFD-1366-4D99-B838-C8D99611EC63}.Debug|Any CPU.ActiveCfg = Debug|Any CPU
		{7DF6AFFD-1366-4D99-B838-C8D99611EC63}.Debug|Any CPU.Build.0 = Debug|Any CPU
		{7DF6AFFD-1366-4D99-B838-C8D99611EC63}.Release|Any CPU.ActiveCfg = Release|Any CPU
		{7DF6AFFD-1366-4D99-B838-C8D99611EC63}.Release|Any CPU.Build.0 = Release|Any CPU
	EndGlobalSection
	GlobalSection(SolutionProperties) = preSolution
		HideSolutionNode = FALSE
	EndGlobalSection
	GlobalSection(NestedProjects) = preSolution
		{1E20AB61-3A18-4BD7-B16E-14AC5ECEA978} = {637B5738-19A7-43D4-887A-1506AE89DA56}
		{340DF990-638A-4C99-91A2-FAD9A012BFA4} = {446CCFA4-3421-4464-8B9F-FAC978F91F80}
		{08CF10A5-3AF7-4FA7-9B4D-2517AF5E2E6B} = {446CCFA4-3421-4464-8B9F-FAC978F91F80}
		{D748BB1A-ECC1-45BE-B9B7-BE93A3488D59} = {D0AFCE32-760D-4D66-9A7D-F10D6D1123AD}
		{778A95FA-3896-4226-962B-19BA8A18F888} = {0DF62AE3-FFB6-406A-A1C0-51625D9DF1E5}
		{7DF6AFFD-1366-4D99-B838-C8D99611EC63} = {D0AFCE32-760D-4D66-9A7D-F10D6D1123AD}
	EndGlobalSection
EndGlobal
